
Microsoft Visual Studio Solution File, Format Version 12.00
# Visual Studio Version 16
VisualStudioVersion = 16.0.28729.10
MinimumVisualStudioVersion = 10.0.40219.1
Project("{FAE04EC0-301F-11D3-BF4B-00C04F79EFBC}") = "Accounting.App", "AccountingApp\Accounting.App.csproj", "{D6157D18-A949-4343-9EF9-6B39E943E783}"
EndProject
Project("{FAE04EC0-301F-11D3-BF4B-00C04F79EFBC}") = "Accounting.ViewModels", "Accounting.ViewModels\Accounting.ViewModels.csproj", "{4CED178F-4609-4C31-9795-2950D569B8D9}"
EndProject
Project("{FAE04EC0-301F-11D3-BF4B-00C04F79EFBC}") = "Accounting.Business", "Accounting.Business\Accounting.Business.csproj", "{2DF78EC2-745E-4744-8752-68823CC7F4BE}"
EndProject
Project("{FAE04EC0-301F-11D3-BF4B-00C04F79EFBC}") = "Accounting.Utility", "Accounting.Utility\Accounting.Utility.csproj", "{271D42A3-C3E7-445D-88E1-B80CFE6018B2}"
EndProject
Project("{FAE04EC0-301F-11D3-BF4B-00C04F79EFBC}") = "Accounting.DataLayer", "Accounting.DataLayer\Accounting.DataLayer.csproj", "{C9408682-DBDF-48D5-B94D-93CDCBA36AB0}"
EndProject
Global
	GlobalSection(SolutionConfigurationPlatforms) = preSolution
		Debug|Any CPU = Debug|Any CPU
		Release|Any CPU = Release|Any CPU
	EndGlobalSection
	GlobalSection(ProjectConfigurationPlatforms) = postSolution
		{D6157D18-A949-4343-9EF9-6B39E943E783}.Debug|Any CPU.ActiveCfg = Debug|Any CPU
		{D6157D18-A949-4343-9EF9-6B39E943E783}.Debug|Any CPU.Build.0 = Debug|Any CPU
		{D6157D18-A949-4343-9EF9-6B39E943E783}.Release|Any CPU.ActiveCfg = Release|Any CPU
		{D6157D18-A949-4343-9EF9-6B39E943E783}.Release|Any CPU.Build.0 = Release|Any CPU
		{4CED178F-4609-4C31-9795-2950D569B8D9}.Debug|Any CPU.ActiveCfg = Debug|Any CPU
		{4CED178F-4609-4C31-9795-2950D569B8D9}.Debug|Any CPU.Build.0 = Debug|Any CPU
		{4CED178F-4609-4C31-9795-2950D569B8D9}.Release|Any CPU.ActiveCfg = Release|Any CPU
		{4CED178F-4609-4C31-9795-2950D569B8D9}.Release|Any CPU.Build.0 = Release|Any CPU
		{2DF78EC2-745E-4744-8752-68823CC7F4BE}.Debug|Any CPU.ActiveCfg = Debug|Any CPU
		{2DF78EC2-745E-4744-8752-68823CC7F4BE}.Debug|Any CPU.Build.0 = Debug|Any CPU
		{2DF78EC2-745E-4744-8752-68823CC7F4BE}.Release|Any CPU.ActiveCfg = Release|Any CPU
		{2DF78EC2-745E-4744-8752-68823CC7F4BE}.Release|Any CPU.Build.0 = Release|Any CPU
		{271D42A3-C3E7-445D-88E1-B80CFE6018B2}.Debug|Any CPU.ActiveCfg = Debug|Any CPU
		{271D42A3-C3E7-445D-88E1-B80CFE6018B2}.Debug|Any CPU.Build.0 = Debug|Any CPU
		{271D42A3-C3E7-445D-88E1-B80CFE6018B2}.Release|Any CPU.ActiveCfg = Release|Any CPU
		{271D42A3-C3E7-445D-88E1-B80CFE6018B2}.Release|Any CPU.Build.0 = Release|Any CPU
		{C9408682-DBDF-48D5-B94D-93CDCBA36AB0}.Debug|Any CPU.ActiveCfg = Debug|Any CPU
		{C9408682-DBDF-48D5-B94D-93CDCBA36AB0}.Debug|Any CPU.Build.0 = Debug|Any CPU
		{C9408682-DBDF-48D5-B94D-93CDCBA36AB0}.Release|Any CPU.ActiveCfg = Release|Any CPU
		{C9408682-DBDF-48D5-B94D-93CDCBA36AB0}.Release|Any CPU.Build.0 = Release|Any CPU
	EndGlobalSection
	GlobalSection(SolutionProperties) = preSolution
		HideSolutionNode = FALSE
	EndGlobalSection
	GlobalSection(ExtensibilityGlobals) = postSolution
		SolutionGuid = {68CC81C6-0FB5-4B6C-97CC-5578589B8ADE}
	EndGlobalSection
EndGlobal
